
Microsoft Visual Studio Solution File, Format Version 12.00
Project("{FAE04EC0-301F-11D3-BF4B-00C04F79EFBC}") = "DirectoryService.Domain", "src\DirectoryService.Domain\DirectoryService.Domain.csproj", "{99A1A643-CC32-497A-A501-AA3C885FF37F}"
EndProject
Project("{2150E333-8FDC-42A3-9474-1A3956D46DE8}") = "src", "src", "{8FF87482-F8AC-48AF-A308-5731924E8F66}"
EndProject
Project("{FAE04EC0-301F-11D3-BF4B-00C04F79EFBC}") = "DirectoryService.Contracts", "src\DirectoryService.Contracts\DirectoryService.Contracts.csproj", "{4297EB04-2F10-4E43-ADBE-7DA006DDAFA5}"
EndProject
Project("{FAE04EC0-301F-11D3-BF4B-00C04F79EFBC}") = "DirectoryService.Application", "src\DirectoryService.Application\DirectoryService.Application.csproj", "{A2FEFA41-62D4-4FC1-A3DA-ADBBCE22FE61}"
EndProject
Project("{FAE04EC0-301F-11D3-BF4B-00C04F79EFBC}") = "DirectoryService.Infrastructure", "src\DirectoryService.Infrastructure\DirectoryService.Infrastructure.csproj", "{B140E5FF-DC85-434A-991F-F95B1AA86C4C}"
EndProject
Project("{FAE04EC0-301F-11D3-BF4B-00C04F79EFBC}") = "DirectoryService.API", "src\DirectoryService.API\DirectoryService.API.csproj", "{DC04BD88-C07C-4F45-B174-F9A491984A14}"
EndProject
Project("{2150E333-8FDC-42A3-9474-1A3956D46DE8}") = "Solution Items", "Solution Items", "{95196786-007C-4C82-AAC8-87E023262538}"
	ProjectSection(SolutionItems) = preProject
		Directory.Build.props = Directory.Build.props
		.editorconfig = .editorconfig
		docker-compose.yml = docker-compose.yml
	EndProjectSection
EndProject
Project("{FAE04EC0-301F-11D3-BF4B-00C04F79EFBC}") = "DirectoryService.Presenters", "src\DirectoryService.Presenters\DirectoryService.Presenters.csproj", "{3A1B5D7C-D38A-49E0-B20D-1D0E5F3A514A}"
EndProject
Project("{FAE04EC0-301F-11D3-BF4B-00C04F79EFBC}") = "Shared", "src\Shared\Shared.csproj", "{A7C0B2DE-FE2A-4AE0-90BB-86E6FC0BBDAB}"
EndProject
Project("{2150E333-8FDC-42A3-9474-1A3956D46DE8}") = "tests", "tests", "{A5EA801C-2A79-4994-8354-92076EBE847F}"
EndProject
Project("{FAE04EC0-301F-11D3-BF4B-00C04F79EFBC}") = "DirectoryService.IntegrationTests", "tests\DirectoryService.IntegrationTests\DirectoryService.IntegrationTests.csproj", "{B6F7AD99-1251-4916-AB3A-54DBF3504800}"
EndProject
Global
	GlobalSection(SolutionConfigurationPlatforms) = preSolution
		Debug|Any CPU = Debug|Any CPU
		Release|Any CPU = Release|Any CPU
	EndGlobalSection
	GlobalSection(ProjectConfigurationPlatforms) = postSolution
		{99A1A643-CC32-497A-A501-AA3C885FF37F}.Debug|Any CPU.ActiveCfg = Debug|Any CPU
		{99A1A643-CC32-497A-A501-AA3C885FF37F}.Debug|Any CPU.Build.0 = Debug|Any CPU
		{99A1A643-CC32-497A-A501-AA3C885FF37F}.Release|Any CPU.ActiveCfg = Release|Any CPU
		{99A1A643-CC32-497A-A501-AA3C885FF37F}.Release|Any CPU.Build.0 = Release|Any CPU
		{4297EB04-2F10-4E43-ADBE-7DA006DDAFA5}.Debug|Any CPU.ActiveCfg = Debug|Any CPU
		{4297EB04-2F10-4E43-ADBE-7DA006DDAFA5}.Debug|Any CPU.Build.0 = Debug|Any CPU
		{4297EB04-2F10-4E43-ADBE-7DA006DDAFA5}.Release|Any CPU.ActiveCfg = Release|Any CPU
		{4297EB04-2F10-4E43-ADBE-7DA006DDAFA5}.Release|Any CPU.Build.0 = Release|Any CPU
		{A2FEFA41-62D4-4FC1-A3DA-ADBBCE22FE61}.Debug|Any CPU.ActiveCfg = Debug|Any CPU
		{A2FEFA41-62D4-4FC1-A3DA-ADBBCE22FE61}.Debug|Any CPU.Build.0 = Debug|Any CPU
		{A2FEFA41-62D4-4FC1-A3DA-ADBBCE22FE61}.Release|Any CPU.ActiveCfg = Release|Any CPU
		{A2FEFA41-62D4-4FC1-A3DA-ADBBCE22FE61}.Release|Any CPU.Build.0 = Release|Any CPU
		{B140E5FF-DC85-434A-991F-F95B1AA86C4C}.Debug|Any CPU.ActiveCfg = Debug|Any CPU
		{B140E5FF-DC85-434A-991F-F95B1AA86C4C}.Debug|Any CPU.Build.0 = Debug|Any CPU
		{B140E5FF-DC85-434A-991F-F95B1AA86C4C}.Release|Any CPU.ActiveCfg = Release|Any CPU
		{B140E5FF-DC85-434A-991F-F95B1AA86C4C}.Release|Any CPU.Build.0 = Release|Any CPU
		{DC04BD88-C07C-4F45-B174-F9A491984A14}.Debug|Any CPU.ActiveCfg = Debug|Any CPU
		{DC04BD88-C07C-4F45-B174-F9A491984A14}.Debug|Any CPU.Build.0 = Debug|Any CPU
		{DC04BD88-C07C-4F45-B174-F9A491984A14}.Release|Any CPU.ActiveCfg = Release|Any CPU
		{DC04BD88-C07C-4F45-B174-F9A491984A14}.Release|Any CPU.Build.0 = Release|Any CPU
		{3A1B5D7C-D38A-49E0-B20D-1D0E5F3A514A}.Debug|Any CPU.ActiveCfg = Debug|Any CPU
		{3A1B5D7C-D38A-49E0-B20D-1D0E5F3A514A}.Debug|Any CPU.Build.0 = Debug|Any CPU
		{3A1B5D7C-D38A-49E0-B20D-1D0E5F3A514A}.Release|Any CPU.ActiveCfg = Release|Any CPU
		{3A1B5D7C-D38A-49E0-B20D-1D0E5F3A514A}.Release|Any CPU.Build.0 = Release|Any CPU
		{A7C0B2DE-FE2A-4AE0-90BB-86E6FC0BBDAB}.Debug|Any CPU.ActiveCfg = Debug|Any CPU
		{A7C0B2DE-FE2A-4AE0-90BB-86E6FC0BBDAB}.Debug|Any CPU.Build.0 = Debug|Any CPU
		{A7C0B2DE-FE2A-4AE0-90BB-86E6FC0BBDAB}.Release|Any CPU.ActiveCfg = Release|Any CPU
		{A7C0B2DE-FE2A-4AE0-90BB-86E6FC0BBDAB}.Release|Any CPU.Build.0 = Release|Any CPU
		{B6F7AD99-1251-4916-AB3A-54DBF3504800}.Debug|Any CPU.ActiveCfg = Debug|Any CPU
		{B6F7AD99-1251-4916-AB3A-54DBF3504800}.Debug|Any CPU.Build.0 = Debug|Any CPU
		{B6F7AD99-1251-4916-AB3A-54DBF3504800}.Release|Any CPU.ActiveCfg = Release|Any CPU
		{B6F7AD99-1251-4916-AB3A-54DBF3504800}.Release|Any CPU.Build.0 = Release|Any CPU
	EndGlobalSection
	GlobalSection(NestedProjects) = preSolution
		{99A1A643-CC32-497A-A501-AA3C885FF37F} = {8FF87482-F8AC-48AF-A308-5731924E8F66}
		{4297EB04-2F10-4E43-ADBE-7DA006DDAFA5} = {8FF87482-F8AC-48AF-A308-5731924E8F66}
		{A2FEFA41-62D4-4FC1-A3DA-ADBBCE22FE61} = {8FF87482-F8AC-48AF-A308-5731924E8F66}
		{B140E5FF-DC85-434A-991F-F95B1AA86C4C} = {8FF87482-F8AC-48AF-A308-5731924E8F66}
		{DC04BD88-C07C-4F45-B174-F9A491984A14} = {8FF87482-F8AC-48AF-A308-5731924E8F66}
		{3A1B5D7C-D38A-49E0-B20D-1D0E5F3A514A} = {8FF87482-F8AC-48AF-A308-5731924E8F66}
		{A7C0B2DE-FE2A-4AE0-90BB-86E6FC0BBDAB} = {8FF87482-F8AC-48AF-A308-5731924E8F66}
		{B6F7AD99-1251-4916-AB3A-54DBF3504800} = {A5EA801C-2A79-4994-8354-92076EBE847F}
	EndGlobalSection
EndGlobal
